
Microsoft Visual Studio Solution File, Format Version 12.00
# Visual Studio 15
VisualStudioVersion = 15.0.27130.2024
MinimumVisualStudioVersion = 10.0.40219.1
Project("{FAE04EC0-301F-11D3-BF4B-00C04F79EFBC}") = "ContratoDatos", "ContratoDatos\ContratoDatos.csproj", "{0C08B44B-9BD0-4201-8925-42297DBA7D54}"
EndProject
Global
	GlobalSection(SolutionConfigurationPlatforms) = preSolution
		Debug|Any CPU = Debug|Any CPU
		Release|Any CPU = Release|Any CPU
	EndGlobalSection
	GlobalSection(ProjectConfigurationPlatforms) = postSolution
		{0C08B44B-9BD0-4201-8925-42297DBA7D54}.Debug|Any CPU.ActiveCfg = Debug|Any CPU
		{0C08B44B-9BD0-4201-8925-42297DBA7D54}.Debug|Any CPU.Build.0 = Debug|Any CPU
		{0C08B44B-9BD0-4201-8925-42297DBA7D54}.Release|Any CPU.ActiveCfg = Release|Any CPU
		{0C08B44B-9BD0-4201-8925-42297DBA7D54}.Release|Any CPU.Build.0 = Release|Any CPU
	EndGlobalSection
	GlobalSection(SolutionProperties) = preSolution
		HideSolutionNode = FALSE
	EndGlobalSection
	GlobalSection(ExtensibilityGlobals) = postSolution
		SolutionGuid = {BFAEDCC4-85C9-489F-BB26-4C9F7F55ED26}
	EndGlobalSection
EndGlobal
